
Microsoft Visual Studio Solution File, Format Version 12.00
# Visual Studio 15
VisualStudioVersion = 15.0.27004.2002
MinimumVisualStudioVersion = 10.0.40219.1
Project("{FAE04EC0-301F-11D3-BF4B-00C04F79EFBC}") = "ContosoUniversity", "ContosoUniversity\ContosoUniversity.csproj", "{87C90BF6-C6DB-4848-8428-72CD15B20909}"
EndProject
Global
	GlobalSection(SolutionConfigurationPlatforms) = preSolution
		Debug|Any CPU = Debug|Any CPU
		Release|Any CPU = Release|Any CPU
	EndGlobalSection
	GlobalSection(ProjectConfigurationPlatforms) = postSolution
		{87C90BF6-C6DB-4848-8428-72CD15B20909}.Debug|Any CPU.ActiveCfg = Debug|Any CPU
		{87C90BF6-C6DB-4848-8428-72CD15B20909}.Debug|Any CPU.Build.0 = Debug|Any CPU
		{87C90BF6-C6DB-4848-8428-72CD15B20909}.Release|Any CPU.ActiveCfg = Release|Any CPU
		{87C90BF6-C6DB-4848-8428-72CD15B20909}.Release|Any CPU.Build.0 = Release|Any CPU
	EndGlobalSection
	GlobalSection(SolutionProperties) = preSolution
		HideSolutionNode = FALSE
	EndGlobalSection
	GlobalSection(ExtensibilityGlobals) = postSolution
		SolutionGuid = {359B1AA0-1A0F-47F4-A4D2-8C11D81940BE}
	EndGlobalSection
EndGlobal
